github.com/fogleman/fauxgl v0.0.0-20250110135958-abf826acbbbd h1:8bZGm26jDoW+JQ1ZPugRU0ADy5k45DRb42sOxEeufNo=
github.com/fogleman/fauxgl v0.0.0-20250110135958-abf826acbbbd/go.mod h1:7f7F8EvO8MWvDx9sIoloOfZBCKzlWuZV/h3TjpXOO3k=
github.com/fogleman/meshview v0.0.0-20210121004855-1de7f8b3301a h1:GOQxasZIX3SMqVXD6Vb1KjoeJ6TUqt3ibo9QK9O7d4g=
github.com/fogleman/meshview v0.0.0-20210121004855-1de7f8b3301a/go.mod h1:JWmaKADfTvYwcXCupvaB18Kzh/2d2RUffHxeC2GKuoI=
github.com/fogleman/simplify v0.0.0-20170216171241-d32f302d5046 h1:n3RPbpwXSFT0G8FYslzMUBDO09Ix8/dlqzvUkcJm4Jk=
github.com/fogleman/simplify v0.0.0-20170216171241-d32f302d5046/go.mod h1:KDwyDqFmVUxUmo7tmqXtyaaJMdGon06y8BD2jmh84CQ=
github.com/fsnotify/fsnotify v1.9.0 h1:2Ml+OJNzbYCTzsxtv8vKSFD9PbJjmhYF14k/jKC7S9k=
github.com/fsnotify/fsnotify v1.9.0/go.mod h1:8jBTzvmWwFyi3Pb8djgCCO5IBqzKJ/Jwo8TRcHyHii0=
github.com/go-gl/gl v0.0.0-20231021071112-07e5d0ea2e71 h1:5BVwOaUSBTlVZowGO6VZGw2H/zl9nrd3eCZfYV+NfQA=
github.com/go-gl/gl v0.0.0-20231021071112-07e5d0ea2e71/go.mod h1:9YTyiznxEY1fVinfM7RvRcjRHbw2xLBJ3AAGIT0I4Nw=
github.com/go-gl/glfw v0.0.0-20250301202403-da16c1255728 h1:Ak0LUgy7whfnJGPcjhR4oJ+THJNkXuhEfa+htfbz90o=
github.com/go-gl/glfw v0.0.0-20250301202403-da16c1255728/go.mod h1:fOxQgJvH6dIDHn5YOoXiNC8tUMMNuCgbMK2yZTlZVQA=
golang.org/x/sys v0.42.0 h1:omrd2nAlyT5ESRdCLYdm3+fMfNFE/+Rf4bDIQImRJeo=
golang.org/x/sys v0.42.0/go.mod h1:4GL1E5IUh+htKOUEOaiffhrAeqysfVGipDYzABqnCmw=
